// !$*UTF8*$!
{
	archiveVersion = 1;
	classes = {
	};
	objectVersion = 46;
	objects = {

/* Begin PBXBuildFile section */
		13009D171D0B9132008419C8 /* Assets.xcassets in Resources */ = {isa = PBXBuildFile; fileRef = 13009D161D0B9132008419C8 /* Assets.xcassets */; };
		13009D1A1D0B9132008419C8 /* LaunchScreen.storyboard in Resources */ = {isa = PBXBuildFile; fileRef = 13009D181D0B9132008419C8 /* LaunchScreen.storyboard */; };
		13009D7D1D0B9854008419C8 /* ViewController.swift in Sources */ = {isa = PBXBuildFile; fileRef = 13009D751D0B9854008419C8 /* ViewController.swift */; };
		13009D7E1D0B9854008419C8 /* UIColor+RGBA.swift in Sources */ = {isa = PBXBuildFile; fileRef = 13009D761D0B9854008419C8 /* UIColor+RGBA.swift */; };
		13009D871D0B9861008419C8 /* CurveSelectionCollectionViewCell.swift in Sources */ = {isa = PBXBuildFile; fileRef = 13009D851D0B9861008419C8 /* CurveSelectionCollectionViewCell.swift */; };
		13009D881D0B9861008419C8 /* ConfigurationView.swift in Sources */ = {isa = PBXBuildFile; fileRef = 13009D861D0B9861008419C8 /* ConfigurationView.swift */; };
		13009D8B1D0B9869008419C8 /* AppDelegate.swift in Sources */ = {isa = PBXBuildFile; fileRef = 13009D891D0B9869008419C8 /* AppDelegate.swift */; };
		139493A01D0FD232004B0BD4 /* ViewController+Animation.swift in Sources */ = {isa = PBXBuildFile; fileRef = 1394939F1D0FD232004B0BD4 /* ViewController+Animation.swift */; };
		139493A51D107739004B0BD4 /* HGAlignment.swift in Sources */ = {isa = PBXBuildFile; fileRef = 139493A41D107739004B0BD4 /* HGAlignment.swift */; };
		13CE2EB91ECCA68700BBE65F /* CALayer+FAAnimation.swift in Sources */ = {isa = PBXBuildFile; fileRef = 3A9420541EB35C3300A8CDD7 /* CALayer+FAAnimation.swift */; };
		13CE2EBA1ECCA68700BBE65F /* NSValue+FAAnimation.swift in Sources */ = {isa = PBXBuildFile; fileRef = 3A9420551EB35C3300A8CDD7 /* NSValue+FAAnimation.swift */; };
		13CE2EBB1ECCA68700BBE65F /* UIView+FAAnimation.swift in Sources */ = {isa = PBXBuildFile; fileRef = 3A9420561EB35C3300A8CDD7 /* UIView+FAAnimation.swift */; };
		13CE2EBC1ECCA68700BBE65F /* FAAnimationGroup.swift in Sources */ = {isa = PBXBuildFile; fileRef = 3A9420581EB35C3300A8CDD7 /* FAAnimationGroup.swift */; };
		13CE2EBD1ECCA68700BBE65F /* FABasicAnimation.swift in Sources */ = {isa = PBXBuildFile; fileRef = 3A9420591EB35C3300A8CDD7 /* FABasicAnimation.swift */; };
		13CE2EBE1ECCA68700BBE65F /* FAPropertyAnimator.swift in Sources */ = {isa = PBXBuildFile; fileRef = 3A94205A1EB35C3300A8CDD7 /* FAPropertyAnimator.swift */; };
		13CE2EBF1ECCA68700BBE65F /* FlightAnimator.swift in Sources */ = {isa = PBXBuildFile; fileRef = 3A94205B1EB35C3300A8CDD7 /* FlightAnimator.swift */; };
		13CE2EC01ECCA68700BBE65F /* FAEasing.swift in Sources */ = {isa = PBXBuildFile; fileRef = 3A94205D1EB35C3300A8CDD7 /* FAEasing.swift */; };
		13CE2EC11ECCA68700BBE65F /* FAInterpolator.swift in Sources */ = {isa = PBXBuildFile; fileRef = 3A94205E1EB35C3300A8CDD7 /* FAInterpolator.swift */; };
		13CE2EC21ECCA68700BBE65F /* FASpring.swift in Sources */ = {isa = PBXBuildFile; fileRef = 3A94205F1EB35C3300A8CDD7 /* FASpring.swift */; };
		13CE2EC31ECCA68700BBE65F /* FAVector.swift in Sources */ = {isa = PBXBuildFile; fileRef = 3A9420601EB35C3300A8CDD7 /* FAVector.swift */; };
		13CE2EC41ECCA68700BBE65F /* FlightAnimator+API.swift in Sources */ = {isa = PBXBuildFile; fileRef = 3A9420611EB35C3300A8CDD7 /* FlightAnimator+API.swift */; };
		13CE2EC51ECCA68700BBE65F /* FlightAnimator+Callbacks.swift in Sources */ = {isa = PBXBuildFile; fileRef = 3A9420631EB35C3300A8CDD7 /* FlightAnimator+Callbacks.swift */; };
		13D0A12A1D30297900B87760 /* FlightAnimatorTests.swift in Sources */ = {isa = PBXBuildFile; fileRef = 13D0A1291D30297900B87760 /* FlightAnimatorTests.swift */; };
		3A9420641EB35C3300A8CDD7 /* CALayer+FAAnimation.swift in Sources */ = {isa = PBXBuildFile; fileRef = 3A9420541EB35C3300A8CDD7 /* CALayer+FAAnimation.swift */; };
		3A9420651EB35C3300A8CDD7 /* NSValue+FAAnimation.swift in Sources */ = {isa = PBXBuildFile; fileRef = 3A9420551EB35C3300A8CDD7 /* NSValue+FAAnimation.swift */; };
		3A9420661EB35C3300A8CDD7 /* UIView+FAAnimation.swift in Sources */ = {isa = PBXBuildFile; fileRef = 3A9420561EB35C3300A8CDD7 /* UIView+FAAnimation.swift */; };
		3A9420671EB35C3300A8CDD7 /* FAAnimationGroup.swift in Sources */ = {isa = PBXBuildFile; fileRef = 3A9420581EB35C3300A8CDD7 /* FAAnimationGroup.swift */; };
		3A9420681EB35C3300A8CDD7 /* FABasicAnimation.swift in Sources */ = {isa = PBXBuildFile; fileRef = 3A9420591EB35C3300A8CDD7 /* FABasicAnimation.swift */; };
		3A9420691EB35C3300A8CDD7 /* FAPropertyAnimator.swift in Sources */ = {isa = PBXBuildFile; fileRef = 3A94205A1EB35C3300A8CDD7 /* FAPropertyAnimator.swift */; };
		3A94206A1EB35C3300A8CDD7 /* FlightAnimator.swift in Sources */ = {isa = PBXBuildFile; fileRef = 3A94205B1EB35C3300A8CDD7 /* FlightAnimator.swift */; };
		3A94206B1EB35C3300A8CDD7 /* FAEasing.swift in Sources */ = {isa = PBXBuildFile; fileRef = 3A94205D1EB35C3300A8CDD7 /* FAEasing.swift */; };
		3A94206C1EB35C3300A8CDD7 /* FAInterpolator.swift in Sources */ = {isa = PBXBuildFile; fileRef = 3A94205E1EB35C3300A8CDD7 /* FAInterpolator.swift */; };
		3A94206D1EB35C3300A8CDD7 /* FASpring.swift in Sources */ = {isa = PBXBuildFile; fileRef = 3A94205F1EB35C3300A8CDD7 /* FASpring.swift */; };
		3A94206E1EB35C3300A8CDD7 /* FAVector.swift in Sources */ = {isa = PBXBuildFile; fileRef = 3A9420601EB35C3300A8CDD7 /* FAVector.swift */; };
		3A94206F1EB35C3300A8CDD7 /* FlightAnimator+API.swift in Sources */ = {isa = PBXBuildFile; fileRef = 3A9420611EB35C3300A8CDD7 /* FlightAnimator+API.swift */; };
		3A9420711EB35C3300A8CDD7 /* FlightAnimator+Callbacks.swift in Sources */ = {isa = PBXBuildFile; fileRef = 3A9420631EB35C3300A8CDD7 /* FlightAnimator+Callbacks.swift */; };
/* End PBXBuildFile section */

/* Begin PBXContainerItemProxy section */
		13D0A12C1D30297900B87760 /* PBXContainerItemProxy */ = {
			isa = PBXContainerItemProxy;
			containerPortal = 13009D041D0B9132008419C8 /* Project object */;
			proxyType = 1;
			remoteGlobalIDString = 13009D0B1D0B9132008419C8;
			remoteInfo = "FlightAnimator-Demo";
		};
/* End PBXContainerItemProxy section */

/* Begin PBXCopyFilesBuildPhase section */
		1320F8111E31279400F974B4 /* Embed Frameworks */ = {
			isa = PBXCopyFilesBuildPhase;
			buildActionMask = 2147483647;
			dstPath = "";
			dstSubfolderSpec = 10;
			files = (
			);
			name = "Embed Frameworks";
			runOnlyForDeploymentPostprocessing = 0;
		};
/* End PBXCopyFilesBuildPhase section */

/* Begin PBXFileReference section */
		13009D0C1D0B9132008419C8 /* FlightAnimator-Demo.app */ = {isa = PBXFileReference; explicitFileType = wrapper.application; includeInIndex = 0; path = "FlightAnimator-Demo.app"; sourceTree = BUILT_PRODUCTS_DIR; };
		13009D161D0B9132008419C8 /* Assets.xcassets */ = {isa = PBXFileReference; lastKnownFileType = folder.assetcatalog; name = Assets.xcassets; path = "FlightAnimator-Demo/Assets.xcassets"; sourceTree = "<group>"; };
		13009D191D0B9132008419C8 /* Base */ = {isa = PBXFileReference; lastKnownFileType = file.storyboard; name = Base; path = Base.lproj/LaunchScreen.storyboard; sourceTree = "<group>"; };
		13009D1B1D0B9132008419C8 /* Info.plist */ = {isa = PBXFileReference; lastKnownFileType = text.plist.xml; name = Info.plist; path = "FlightAnimator-Demo/Info.plist"; sourceTree = "<group>"; };
		13009D751D0B9854008419C8 /* ViewController.swift */ = {isa = PBXFileReference; fileEncoding = 4; lastKnownFileType = sourcecode.swift; path = ViewController.swift; sourceTree = "<group>"; };
		13009D761D0B9854008419C8 /* UIColor+RGBA.swift */ = {isa = PBXFileReference; fileEncoding = 4; lastKnownFileType = sourcecode.swift; path = "UIColor+RGBA.swift"; sourceTree = "<group>"; };
		13009D851D0B9861008419C8 /* CurveSelectionCollectionViewCell.swift */ = {isa = PBXFileReference; fileEncoding = 4; lastKnownFileType = sourcecode.swift; path = CurveSelectionCollectionViewCell.swift; sourceTree = "<group>"; };
		13009D861D0B9861008419C8 /* ConfigurationView.swift */ = {isa = PBXFileReference; fileEncoding = 4; lastKnownFileType = sourcecode.swift; path = ConfigurationView.swift; sourceTree = "<group>"; };
		13009D891D0B9869008419C8 /* AppDelegate.swift */ = {isa = PBXFileReference; fileEncoding = 4; lastKnownFileType = sourcecode.swift; path = AppDelegate.swift; sourceTree = "<group>"; };
		1394939F1D0FD232004B0BD4 /* ViewController+Animation.swift */ = {isa = PBXFileReference; fileEncoding = 4; lastKnownFileType = sourcecode.swift; path = "ViewController+Animation.swift"; sourceTree = "<group>"; };
		139493A41D107739004B0BD4 /* HGAlignment.swift */ = {isa = PBXFileReference; fileEncoding = 4; lastKnownFileType = sourcecode.swift; path = HGAlignment.swift; sourceTree = "<group>"; };
		13D0A1271D30297900B87760 /* FlightAnimatorTests.xctest */ = {isa = PBXFileReference; explicitFileType = wrapper.cfbundle; includeInIndex = 0; path = FlightAnimatorTests.xctest; sourceTree = BUILT_PRODUCTS_DIR; };
		13D0A1291D30297900B87760 /* FlightAnimatorTests.swift */ = {isa = PBXFileReference; lastKnownFileType = sourcecode.swift; path = FlightAnimatorTests.swift; sourceTree = "<group>"; };
		13D0A12B1D30297900B87760 /* Info.plist */ = {isa = PBXFileReference; lastKnownFileType = text.plist.xml; path = Info.plist; sourceTree = "<group>"; };
		3A9420541EB35C3300A8CDD7 /* CALayer+FAAnimation.swift */ = {isa = PBXFileReference; fileEncoding = 4; lastKnownFileType = sourcecode.swift; path = "CALayer+FAAnimation.swift"; sourceTree = "<group>"; };
		3A9420551EB35C3300A8CDD7 /* NSValue+FAAnimation.swift */ = {isa = PBXFileReference; fileEncoding = 4; lastKnownFileType = sourcecode.swift; path = "NSValue+FAAnimation.swift"; sourceTree = "<group>"; };
		3A9420561EB35C3300A8CDD7 /* UIView+FAAnimation.swift */ = {isa = PBXFileReference; fileEncoding = 4; lastKnownFileType = sourcecode.swift; path = "UIView+FAAnimation.swift"; sourceTree = "<group>"; };
		3A9420581EB35C3300A8CDD7 /* FAAnimationGroup.swift */ = {isa = PBXFileReference; fileEncoding = 4; lastKnownFileType = sourcecode.swift; path = FAAnimationGroup.swift; sourceTree = "<group>"; };
		3A9420591EB35C3300A8CDD7 /* FABasicAnimation.swift */ = {isa = PBXFileReference; fileEncoding = 4; lastKnownFileType = sourcecode.swift; path = FABasicAnimation.swift; sourceTree = "<group>"; };
		3A94205A1EB35C3300A8CDD7 /* FAPropertyAnimator.swift */ = {isa = PBXFileReference; fileEncoding = 4; lastKnownFileType = sourcecode.swift; path = FAPropertyAnimator.swift; sourceTree = "<group>"; };
		3A94205B1EB35C3300A8CDD7 /* FlightAnimator.swift */ = {isa = PBXFileReference; fileEncoding = 4; lastKnownFileType = sourcecode.swift; path = FlightAnimator.swift; sourceTree = "<group>"; };
		3A94205D1EB35C3300A8CDD7 /* FAEasing.swift */ = {isa = PBXFileReference; fileEncoding = 4; lastKnownFileType = sourcecode.swift; path = FAEasing.swift; sourceTree = "<group>"; };
		3A94205E1EB35C3300A8CDD7 /* FAInterpolator.swift */ = {isa = PBXFileReference; fileEncoding = 4; lastKnownFileType = sourcecode.swift; path = FAInterpolator.swift; sourceTree = "<group>"; };
		3A94205F1EB35C3300A8CDD7 /* FASpring.swift */ = {isa = PBXFileReference; fileEncoding = 4; lastKnownFileType = sourcecode.swift; path = FASpring.swift; sourceTree = "<group>"; };
		3A9420601EB35C3300A8CDD7 /* FAVector.swift */ = {isa = PBXFileReference; fileEncoding = 4; lastKnownFileType = sourcecode.swift; path = FAVector.swift; sourceTree = "<group>"; };
		3A9420611EB35C3300A8CDD7 /* FlightAnimator+API.swift */ = {isa = PBXFileReference; fileEncoding = 4; lastKnownFileType = sourcecode.swift; path = "FlightAnimator+API.swift"; sourceTree = "<group>"; };
		3A9420631EB35C3300A8CDD7 /* FlightAnimator+Callbacks.swift */ = {isa = PBXFileReference; fileEncoding = 4; lastKnownFileType = sourcecode.swift; path = "FlightAnimator+Callbacks.swift"; sourceTree = "<group>"; };
/* End PBXFileReference section */

/* Begin PBXFrameworksBuildPhase section */
		13009D091D0B9132008419C8 /* Frameworks */ = {
			isa = PBXFrameworksBuildPhase;
			buildActionMask = 2147483647;
			files = (
			);
			runOnlyForDeploymentPostprocessing = 0;
		};
		13D0A1241D30297900B87760 /* Frameworks */ = {
			isa = PBXFrameworksBuildPhase;
			buildActionMask = 2147483647;
			files = (
			);
			runOnlyForDeploymentPostprocessing = 0;
		};
/* End PBXFrameworksBuildPhase section */

/* Begin PBXGroup section */
		13009D031D0B9132008419C8 = {
			isa = PBXGroup;
			children = (
				3A9420521EB35C3300A8CDD7 /* Source */,
				13009D0E1D0B9132008419C8 /* FlightAnimator-Demo */,
				13009D271D0B93C4008419C8 /* SupportingFiles */,
				13D0A1281D30297900B87760 /* FlightAnimatorTests */,
				13009D0D1D0B9132008419C8 /* Products */,
			);
			sourceTree = "<group>";
		};
		13009D0D1D0B9132008419C8 /* Products */ = {
			isa = PBXGroup;
			children = (
				13009D0C1D0B9132008419C8 /* FlightAnimator-Demo.app */,
				13D0A1271D30297900B87760 /* FlightAnimatorTests.xctest */,
			);
			name = Products;
			sourceTree = "<group>";
		};
		13009D0E1D0B9132008419C8 /* FlightAnimator-Demo */ = {
			isa = PBXGroup;
			children = (
				13009D891D0B9869008419C8 /* AppDelegate.swift */,
				13009D8E1D0B98CB008419C8 /* UI */,
				13009D8D1D0B98BB008419C8 /* Extensions */,
			);
			path = "FlightAnimator-Demo";
			sourceTree = "<group>";
		};
		13009D271D0B93C4008419C8 /* SupportingFiles */ = {
			isa = PBXGroup;
			children = (
				13009D161D0B9132008419C8 /* Assets.xcassets */,
				13009D181D0B9132008419C8 /* LaunchScreen.storyboard */,
				13009D1B1D0B9132008419C8 /* Info.plist */,
			);
			name = SupportingFiles;
			sourceTree = "<group>";
		};
		13009D8D1D0B98BB008419C8 /* Extensions */ = {
			isa = PBXGroup;
			children = (
				139493A41D107739004B0BD4 /* HGAlignment.swift */,
				13009D761D0B9854008419C8 /* UIColor+RGBA.swift */,
			);
			name = Extensions;
			sourceTree = "<group>";
		};
		13009D8E1D0B98CB008419C8 /* UI */ = {
			isa = PBXGroup;
			children = (
				137BD6261D14C66A007DFCF6 /* Timing Curves */,
			);
			name = UI;
			sourceTree = "<group>";
		};
		137BD6261D14C66A007DFCF6 /* Timing Curves */ = {
			isa = PBXGroup;
			children = (
				139493A11D0FD2BF004B0BD4 /* Views */,
				13009D751D0B9854008419C8 /* ViewController.swift */,
				1394939F1D0FD232004B0BD4 /* ViewController+Animation.swift */,
			);
			name = "Timing Curves";
			sourceTree = "<group>";
		};
		139493A11D0FD2BF004B0BD4 /* Views */ = {
			isa = PBXGroup;
			children = (
				13009D861D0B9861008419C8 /* ConfigurationView.swift */,
				13009D851D0B9861008419C8 /* CurveSelectionCollectionViewCell.swift */,
			);
			name = Views;
			sourceTree = "<group>";
		};
		13D0A1281D30297900B87760 /* FlightAnimatorTests */ = {
			isa = PBXGroup;
			children = (
				13D0A1291D30297900B87760 /* FlightAnimatorTests.swift */,
				13D0A12B1D30297900B87760 /* Info.plist */,
			);
			path = FlightAnimatorTests;
			sourceTree = "<group>";
		};
		3A9420521EB35C3300A8CDD7 /* Source */ = {
			isa = PBXGroup;
			children = (
				3A9420531EB35C3300A8CDD7 /* Extensions */,
				3A9420571EB35C3300A8CDD7 /* FAAnimation */,
				3A94205C1EB35C3300A8CDD7 /* FAInterpolation */,
				3A9420611EB35C3300A8CDD7 /* FlightAnimator+API.swift */,
				3A9420631EB35C3300A8CDD7 /* FlightAnimator+Callbacks.swift */,
			);
			name = Source;
			path = ../Source;
			sourceTree = "<group>";
		};
		3A9420531EB35C3300A8CDD7 /* Extensions */ = {
			isa = PBXGroup;
			children = (
				3A9420541EB35C3300A8CDD7 /* CALayer+FAAnimation.swift */,
				3A9420551EB35C3300A8CDD7 /* NSValue+FAAnimation.swift */,
				3A9420561EB35C3300A8CDD7 /* UIView+FAAnimation.swift */,
			);
			path = Extensions;
			sourceTree = "<group>";
		};
		3A9420571EB35C3300A8CDD7 /* FAAnimation */ = {
			isa = PBXGroup;
			children = (
				3A9420581EB35C3300A8CDD7 /* FAAnimationGroup.swift */,
				3A9420591EB35C3300A8CDD7 /* FABasicAnimation.swift */,
				3A94205A1EB35C3300A8CDD7 /* FAPropertyAnimator.swift */,
				3A94205B1EB35C3300A8CDD7 /* FlightAnimator.swift */,
			);
			path = FAAnimation;
			sourceTree = "<group>";
		};
		3A94205C1EB35C3300A8CDD7 /* FAInterpolation */ = {
			isa = PBXGroup;
			children = (
				3A94205D1EB35C3300A8CDD7 /* FAEasing.swift */,
				3A94205E1EB35C3300A8CDD7 /* FAInterpolator.swift */,
				3A94205F1EB35C3300A8CDD7 /* FASpring.swift */,
				3A9420601EB35C3300A8CDD7 /* FAVector.swift */,
			);
			path = FAInterpolation;
			sourceTree = "<group>";
		};
/* End PBXGroup section */

/* Begin PBXNativeTarget section */
		13009D0B1D0B9132008419C8 /* FlightAnimator-Demo */ = {
			isa = PBXNativeTarget;
			buildConfigurationList = 13009D1E1D0B9132008419C8 /* Build configuration list for PBXNativeTarget "FlightAnimator-Demo" */;
			buildPhases = (
				13009D081D0B9132008419C8 /* Sources */,
				13009D091D0B9132008419C8 /* Frameworks */,
				13009D0A1D0B9132008419C8 /* Resources */,
				1320F8111E31279400F974B4 /* Embed Frameworks */,
			);
			buildRules = (
			);
			dependencies = (
			);
			name = "FlightAnimator-Demo";
			productName = "FlightAnimator-Demo";
			productReference = 13009D0C1D0B9132008419C8 /* FlightAnimator-Demo.app */;
			productType = "com.apple.product-type.application";
		};
		13D0A1261D30297900B87760 /* FlightAnimatorTests */ = {
			isa = PBXNativeTarget;
			buildConfigurationList = 13D0A12E1D30297900B87760 /* Build configuration list for PBXNativeTarget "FlightAnimatorTests" */;
			buildPhases = (
				13D0A1231D30297900B87760 /* Sources */,
				13D0A1241D30297900B87760 /* Frameworks */,
				13D0A1251D30297900B87760 /* Resources */,
			);
			buildRules = (
			);
			dependencies = (
				13D0A12D1D30297900B87760 /* PBXTargetDependency */,
			);
			name = FlightAnimatorTests;
			productName = FlightAnimatorTests;
			productReference = 13D0A1271D30297900B87760 /* FlightAnimatorTests.xctest */;
			productType = "com.apple.product-type.bundle.unit-test";
		};
/* End PBXNativeTarget section */

/* Begin PBXProject section */
		13009D041D0B9132008419C8 /* Project object */ = {
			isa = PBXProject;
			attributes = {
				LastSwiftUpdateCheck = 0730;
				LastUpgradeCheck = 0900;
				ORGANIZATIONNAME = "Anton Doudarev";
				TargetAttributes = {
					13009D0B1D0B9132008419C8 = {
						CreatedOnToolsVersion = 7.3;
						DevelopmentTeam = WQAUP4LZJV;
						LastSwiftMigration = 0800;
					};
					13D0A1261D30297900B87760 = {
						CreatedOnToolsVersion = 7.3;
						LastSwiftMigration = 0800;
					};
				};
			};
			buildConfigurationList = 13009D071D0B9132008419C8 /* Build configuration list for PBXProject "FlightAnimator-Demo" */;
			compatibilityVersion = "Xcode 3.2";
			developmentRegion = English;
			hasScannedForEncodings = 0;
			knownRegions = (
				en,
				Base,
			);
			mainGroup = 13009D031D0B9132008419C8;
			productRefGroup = 13009D0D1D0B9132008419C8 /* Products */;
			projectDirPath = "";
			projectRoot = "";
			targets = (
				13009D0B1D0B9132008419C8 /* FlightAnimator-Demo */,
				13D0A1261D30297900B87760 /* FlightAnimatorTests */,
			);
		};
/* End PBXProject section */

/* Begin PBXResourcesBuildPhase section */
		13009D0A1D0B9132008419C8 /* Resources */ = {
			isa = PBXResourcesBuildPhase;
			buildActionMask = 2147483647;
			files = (
				13009D1A1D0B9132008419C8 /* LaunchScreen.storyboard in Resources */,
				13009D171D0B9132008419C8 /* Assets.xcassets in Resources */,
			);
			runOnlyForDeploymentPostprocessing = 0;
		};
		13D0A1251D30297900B87760 /* Resources */ = {
			isa = PBXResourcesBuildPhase;
			buildActionMask = 2147483647;
			files = (
			);
			runOnlyForDeploymentPostprocessing = 0;
		};
/* End PBXResourcesBuildPhase section */

/* Begin PBXSourcesBuildPhase section */
		13009D081D0B9132008419C8 /* Sources */ = {
			isa = PBXSourcesBuildPhase;
			buildActionMask = 2147483647;
			files = (
				13009D7D1D0B9854008419C8 /* ViewController.swift in Sources */,
				139493A51D107739004B0BD4 /* HGAlignment.swift in Sources */,
				3A94206D1EB35C3300A8CDD7 /* FASpring.swift in Sources */,
				13009D8B1D0B9869008419C8 /* AppDelegate.swift in Sources */,
				3A94206F1EB35C3300A8CDD7 /* FlightAnimator+API.swift in Sources */,
				13009D871D0B9861008419C8 /* CurveSelectionCollectionViewCell.swift in Sources */,
				3A9420651EB35C3300A8CDD7 /* NSValue+FAAnimation.swift in Sources */,
				139493A01D0FD232004B0BD4 /* ViewController+Animation.swift in Sources */,
				3A94206E1EB35C3300A8CDD7 /* FAVector.swift in Sources */,
				3A9420681EB35C3300A8CDD7 /* FABasicAnimation.swift in Sources */,
				3A9420691EB35C3300A8CDD7 /* FAPropertyAnimator.swift in Sources */,
				13009D881D0B9861008419C8 /* ConfigurationView.swift in Sources */,
				3A94206C1EB35C3300A8CDD7 /* FAInterpolator.swift in Sources */,
				13009D7E1D0B9854008419C8 /* UIColor+RGBA.swift in Sources */,
				3A9420661EB35C3300A8CDD7 /* UIView+FAAnimation.swift in Sources */,
				3A94206B1EB35C3300A8CDD7 /* FAEasing.swift in Sources */,
				3A9420641EB35C3300A8CDD7 /* CALayer+FAAnimation.swift in Sources */,
				3A94206A1EB35C3300A8CDD7 /* FlightAnimator.swift in Sources */,
				3A9420711EB35C3300A8CDD7 /* FlightAnimator+Callbacks.swift in Sources */,
				3A9420671EB35C3300A8CDD7 /* FAAnimationGroup.swift in Sources */,
			);
			runOnlyForDeploymentPostprocessing = 0;
		};
		13D0A1231D30297900B87760 /* Sources */ = {
			isa = PBXSourcesBuildPhase;
			buildActionMask = 2147483647;
			files = (
				13CE2EBF1ECCA68700BBE65F /* FlightAnimator.swift in Sources */,
				13CE2EBD1ECCA68700BBE65F /* FABasicAnimation.swift in Sources */,
				13D0A12A1D30297900B87760 /* FlightAnimatorTests.swift in Sources */,
				13CE2EBC1ECCA68700BBE65F /* FAAnimationGroup.swift in Sources */,
				13CE2EBE1ECCA68700BBE65F /* FAPropertyAnimator.swift in Sources */,
				13CE2EC51ECCA68700BBE65F /* FlightAnimator+Callbacks.swift in Sources */,
				13CE2EBA1ECCA68700BBE65F /* NSValue+FAAnimation.swift in Sources */,
				13CE2EC41ECCA68700BBE65F /* FlightAnimator+API.swift in Sources */,
				13CE2EBB1ECCA68700BBE65F /* UIView+FAAnimation.swift in Sources */,
				13CE2EC31ECCA68700BBE65F /* FAVector.swift in Sources */,
				13CE2EB91ECCA68700BBE65F /* CALayer+FAAnimation.swift in Sources */,
				13CE2EC01ECCA68700BBE65F /* FAEasing.swift in Sources */,
				13CE2EC11ECCA68700BBE65F /* FAInterpolator.swift in Sources */,
				13CE2EC21ECCA68700BBE65F /* FASpring.swift in Sources */,
			);
			runOnlyForDeploymentPostprocessing = 0;
		};
/* End PBXSourcesBuildPhase section */

/* Begin PBXTargetDependency section */
		13D0A12D1D30297900B87760 /* PBXTargetDependency */ = {
			isa = PBXTargetDependency;
			target = 13009D0B1D0B9132008419C8 /* FlightAnimator-Demo */;
			targetProxy = 13D0A12C1D30297900B87760 /* PBXContainerItemProxy */;
		};
/* End PBXTargetDependency section */

/* Begin PBXVariantGroup section */
		13009D181D0B9132008419C8 /* LaunchScreen.storyboard */ = {
			isa = PBXVariantGroup;
			children = (
				13009D191D0B9132008419C8 /* Base */,
			);
			name = LaunchScreen.storyboard;
			path = "FlightAnimator-Demo";
			sourceTree = "<group>";
		};
/* End PBXVariantGroup section */

/* Begin XCBuildConfiguration section */
		13009D1C1D0B9132008419C8 /* Debug */ = {
			isa = XCBuildConfiguration;
			buildSettings = {
				ALWAYS_EMBED_SWIFT_STANDARD_LIBRARIES = YES;
				ALWAYS_SEARCH_USER_PATHS = NO;
				CLANG_ANALYZER_NONNULL = YES;
				CLANG_CXX_LANGUAGE_STANDARD = "gnu++0x";
				CLANG_CXX_LIBRARY = "libc++";
				CLANG_ENABLE_MODULES = YES;
				CLANG_ENABLE_OBJC_ARC = YES;
				CLANG_WARN_BLOCK_CAPTURE_AUTORELEASING = YES;
				CLANG_WARN_BOOL_CONVERSION = YES;
				CLANG_WARN_COMMA = YES;
				CLANG_WARN_CONSTANT_CONVERSION = YES;
				CLANG_WARN_DIRECT_OBJC_ISA_USAGE = YES_ERROR;
				CLANG_WARN_EMPTY_BODY = YES;
				CLANG_WARN_ENUM_CONVERSION = YES;
				CLANG_WARN_INFINITE_RECURSION = YES;
				CLANG_WARN_INT_CONVERSION = YES;
				CLANG_WARN_NON_LITERAL_NULL_CONVERSION = YES;
				CLANG_WARN_OBJC_LITERAL_CONVERSION = YES;
				CLANG_WARN_OBJC_ROOT_CLASS = YES_ERROR;
				CLANG_WARN_RANGE_LOOP_ANALYSIS = YES;
				CLANG_WARN_STRICT_PROTOTYPES = YES;
				CLANG_WARN_SUSPICIOUS_MOVE = YES;
				CLANG_WARN_UNREACHABLE_CODE = YES;
				CLANG_WARN__DUPLICATE_METHOD_MATCH = YES;
				"CODE_SIGN_IDENTITY[sdk=iphoneos*]" = "iPhone Developer";
				COPY_PHASE_STRIP = NO;
				DEBUG_INFORMATION_FORMAT = dwarf;
				ENABLE_STRICT_OBJC_MSGSEND = YES;
				ENABLE_TESTABILITY = YES;
				GCC_C_LANGUAGE_STANDARD = gnu99;
				GCC_DYNAMIC_NO_PIC = NO;
				GCC_NO_COMMON_BLOCKS = YES;
				GCC_OPTIMIZATION_LEVEL = 0;
				GCC_PREPROCESSOR_DEFINITIONS = (
					"DEBUG=1",
					"$(inherited)",
				);
				GCC_WARN_64_TO_32_BIT_CONVERSION = YES;
				GCC_WARN_ABOUT_RETURN_TYPE = YES_ERROR;
				GCC_WARN_UNDECLARED_SELECTOR = YES;
				GCC_WARN_UNINITIALIZED_AUTOS = YES_AGGRESSIVE;
				GCC_WARN_UNUSED_FUNCTION = YES;
				GCC_WARN_UNUSED_VARIABLE = YES;
				IPHONEOS_DEPLOYMENT_TARGET = 9.3;
				MTL_ENABLE_DEBUG_INFO = YES;
				ONLY_ACTIVE_ARCH = YES;
				SDKROOT = iphoneos;
				SWIFT_OPTIMIZATION_LEVEL = "-Onone";
			};
			name = Debug;
		};
		13009D1D1D0B9132008419C8 /* Release */ = {
			isa = XCBuildConfiguration;
			buildSettings = {
				ALWAYS_EMBED_SWIFT_STANDARD_LIBRARIES = YES;
				ALWAYS_SEARCH_USER_PATHS = NO;
				CLANG_ANALYZER_NONNULL = YES;
				CLANG_CXX_LANGUAGE_STANDARD = "gnu++0x";
				CLANG_CXX_LIBRARY = "libc++";
				CLANG_ENABLE_MODULES = YES;
				CLANG_ENABLE_OBJC_ARC = YES;
				CLANG_WARN_BLOCK_CAPTURE_AUTORELEASING = YES;
				CLANG_WARN_BOOL_CONVERSION = YES;
				CLANG_WARN_COMMA = YES;
				CLANG_WARN_CONSTANT_CONVERSION = YES;
				CLANG_WARN_DIRECT_OBJC_ISA_USAGE = YES_ERROR;
				CLANG_WARN_EMPTY_BODY = YES;
				CLANG_WARN_ENUM_CONVERSION = YES;
				CLANG_WARN_INFINITE_RECURSION = YES;
				CLANG_WARN_INT_CONVERSION = YES;
				CLANG_WARN_NON_LITERAL_NULL_CONVERSION = YES;
				CLANG_WARN_OBJC_LITERAL_CONVERSION = YES;
				CLANG_WARN_OBJC_ROOT_CLASS = YES_ERROR;
				CLANG_WARN_RANGE_LOOP_ANALYSIS = YES;
				CLANG_WARN_STRICT_PROTOTYPES = YES;
				CLANG_WARN_SUSPICIOUS_MOVE = YES;
				CLANG_WARN_UNREACHABLE_CODE = YES;
				CLANG_WARN__DUPLICATE_METHOD_MATCH = YES;
				"CODE_SIGN_IDENTITY[sdk=iphoneos*]" = "iPhone Developer";
				COPY_PHASE_STRIP = NO;
				DEBUG_INFORMATION_FORMAT = "dwarf-with-dsym";
				ENABLE_NS_ASSERTIONS = NO;
				ENABLE_STRICT_OBJC_MSGSEND = YES;
				GCC_C_LANGUAGE_STANDARD = gnu99;
				GCC_NO_COMMON_BLOCKS = YES;
				GCC_WARN_64_TO_32_BIT_CONVERSION = YES;
				GCC_WARN_ABOUT_RETURN_TYPE = YES_ERROR;
				GCC_WARN_UNDECLARED_SELECTOR = YES;
				GCC_WARN_UNINITIALIZED_AUTOS = YES_AGGRESSIVE;
				GCC_WARN_UNUSED_FUNCTION = YES;
				GCC_WARN_UNUSED_VARIABLE = YES;
				IPHONEOS_DEPLOYMENT_TARGET = 9.3;
				MTL_ENABLE_DEBUG_INFO = NO;
				SDKROOT = iphoneos;
				SWIFT_OPTIMIZATION_LEVEL = "-Owholemodule";
				VALIDATE_PRODUCT = YES;
			};
			name = Release;
		};
		13009D1F1D0B9132008419C8 /* Debug */ = {
			isa = XCBuildConfiguration;
			buildSettings = {
				ASSETCATALOG_COMPILER_APPICON_NAME = AppIcon;
				CODE_SIGN_IDENTITY = "iPhone Developer";
				"CODE_SIGN_IDENTITY[sdk=iphoneos*]" = "iPhone Developer";
				INFOPLIST_FILE = "FlightAnimator-Demo/Info.plist";
				LD_RUNPATH_SEARCH_PATHS = "$(inherited) @executable_path/Frameworks";
				PRODUCT_BUNDLE_IDENTIFIER = "com.iagd.flightanimator-demo.FlightAnimator-Demo";
				PRODUCT_NAME = "$(TARGET_NAME)";
				PROVISIONING_PROFILE = "";
				SWIFT_VERSION = 3.0;
			};
			name = Debug;
		};
		13009D201D0B9132008419C8 /* Release */ = {
			isa = XCBuildConfiguration;
			buildSettings = {
				ASSETCATALOG_COMPILER_APPICON_NAME = AppIcon;
				CODE_SIGN_IDENTITY = "iPhone Developer";
				"CODE_SIGN_IDENTITY[sdk=iphoneos*]" = "iPhone Developer";
				INFOPLIST_FILE = "FlightAnimator-Demo/Info.plist";
				LD_RUNPATH_SEARCH_PATHS = "$(inherited) @executable_path/Frameworks";
				PRODUCT_BUNDLE_IDENTIFIER = "com.iagd.flightanimator-demo.FlightAnimator-Demo";
				PRODUCT_NAME = "$(TARGET_NAME)";
				PROVISIONING_PROFILE = "";
				SWIFT_VERSION = 3.0;
			};
			name = Release;
		};
		13D0A12F1D30297900B87760 /* Debug */ = {
			isa = XCBuildConfiguration;
			buildSettings = {
				INFOPLIST_FILE = FlightAnimatorTests/Info.plist;
				LD_RUNPATH_SEARCH_PATHS = "$(inherited) @executable_path/Frameworks @loader_path/Frameworks";
				PRODUCT_BUNDLE_IDENTIFIER = "com.iagd.flightanimator-demo.FlightAnimator.FlightAnimatorTests";
				PRODUCT_NAME = "$(TARGET_NAME)";
				SWIFT_VERSION = 3.0;
			};
			name = Debug;
		};
		13D0A1301D30297900B87760 /* Release */ = {
			isa = XCBuildConfiguration;
			buildSettings = {
				INFOPLIST_FILE = FlightAnimatorTests/Info.plist;
				LD_RUNPATH_SEARCH_PATHS = "$(inherited) @executable_path/Frameworks @loader_path/Frameworks";
				PRODUCT_BUNDLE_IDENTIFIER = "com.iagd.flightanimator-demo.FlightAnimator.FlightAnimatorTests";
				PRODUCT_NAME = "$(TARGET_NAME)";
				SWIFT_VERSION = 3.0;
			};
			name = Release;
		};
/* End XCBuildConfiguration section */

/* Begin XCConfigurationList section */
		13009D071D0B9132008419C8 /* Build configuration list for PBXProject "FlightAnimator-Demo" */ = {
			isa = XCConfigurationList;
			buildConfigurations = (
				13009D1C1D0B9132008419C8 /* Debug */,
				13009D1D1D0B9132008419C8 /* Release */,
			);
			defaultConfigurationIsVisible = 0;
			defaultConfigurationName = Release;
		};
		13009D1E1D0B9132008419C8 /* Build configuration list for PBXNativeTarget "FlightAnimator-Demo" */ = {
			isa = XCConfigurationList;
			buildConfigurations = (
				13009D1F1D0B9132008419C8 /* Debug */,
				13009D201D0B9132008419C8 /* Release */,
			);
			defaultConfigurationIsVisible = 0;
			defaultConfigurationName = Release;
		};
		13D0A12E1D30297900B87760 /* Build configuration list for PBXNativeTarget "FlightAnimatorTests" */ = {
			isa = XCConfigurationList;
			buildConfigurations = (
				13D0A12F1D30297900B87760 /* Debug */,
				13D0A1301D30297900B87760 /* Release */,
			);
			defaultConfigurationIsVisible = 0;
			defaultConfigurationName = Release;
		};
/* End XCConfigurationList section */
	};
	rootObject = 13009D041D0B9132008419C8 /* Project object */;
}
